// !$*UTF8*$!
{
	archiveVersion = 1;
	classes = {
	};
	objectVersion = 46;
	objects = {

/* Begin PBXBuildFile section */
		1F94E41D1E0EFFDD00863E09 /* main.cpp in Sources */ = {isa = PBXBuildFile; fileRef = 1F94E41C1E0EFFDD00863E09 /* main.cpp */; };
		1F94E4281E0F002600863E09 /* model_system.cpp in Sources */ = {isa = PBXBuildFile; fileRef = 1F94E4261E0F002600863E09 /* model_system.cpp */; };
/* End PBXBuildFile section */

/* Begin PBXCopyFilesBuildPhase section */
		1F94E4171E0EFFDD00863E09 /* CopyFiles */ = {
			isa = PBXCopyFilesBuildPhase;
			buildActionMask = 2147483647;
			dstPath = /usr/share/man/man1/;
			dstSubfolderSpec = 0;
			files = (
			);
			runOnlyForDeploymentPostprocessing = 1;
		};
/* End PBXCopyFilesBuildPhase section */

/* Begin PBXFileReference section */
		1F94E4191E0EFFDD00863E09 /* MOD_CW */ = {isa = PBXFileReference; explicitFileType = "compiled.mach-o.executable"; includeInIndex = 0; path = MOD_CW; sourceTree = BUILT_PRODUCTS_DIR; };
		1F94E41C1E0EFFDD00863E09 /* main.cpp */ = {isa = PBXFileReference; lastKnownFileType = sourcecode.cpp.cpp; path = main.cpp; sourceTree = "<group>"; };
		1F94E4261E0F002600863E09 /* model_system.cpp */ = {isa = PBXFileReference; fileEncoding = 4; lastKnownFileType = sourcecode.cpp.cpp; path = model_system.cpp; sourceTree = "<group>"; };
		1F94E4271E0F002600863E09 /* model_system.hpp */ = {isa = PBXFileReference; fileEncoding = 4; lastKnownFileType = sourcecode.cpp.h; path = model_system.hpp; sourceTree = "<group>"; };
/* End PBXFileReference section */

/* Begin PBXFrameworksBuildPhase section */
		1F94E4161E0EFFDD00863E09 /* Frameworks */ = {
			isa = PBXFrameworksBuildPhase;
			buildActionMask = 2147483647;
			files = (
			);
			runOnlyForDeploymentPostprocessing = 0;
		};
/* End PBXFrameworksBuildPhase section */

/* Begin PBXGroup section */
		1F94E4101E0EFFDD00863E09 = {
			isa = PBXGroup;
			children = (
				1F94E41B1E0EFFDD00863E09 /* MOD_CW */,
				1F94E41A1E0EFFDD00863E09 /* Products */,
			);
			sourceTree = "<group>";
		};
		1F94E41A1E0EFFDD00863E09 /* Products */ = {
			isa = PBXGroup;
			children = (
				1F94E4191E0EFFDD00863E09 /* MOD_CW */,
			);
			name = Products;
			sourceTree = "<group>";
		};
		1F94E41B1E0EFFDD00863E09 /* MOD_CW */ = {
			isa = PBXGroup;
			children = (
				1F94E41C1E0EFFDD00863E09 /* main.cpp */,
				1F94E4261E0F002600863E09 /* model_system.cpp */,
				1F94E4271E0F002600863E09 /* model_system.hpp */,
			);
			path = MOD_CW;
			sourceTree = "<group>";
		};
/* End PBXGroup section */

/* Begin PBXNativeTarget section */
		1F94E4181E0EFFDD00863E09 /* MOD_CW */ = {
			isa = PBXNativeTarget;
			buildConfigurationList = 1F94E4201E0EFFDD00863E09 /* Build configuration list for PBXNativeTarget "MOD_CW" */;
			buildPhases = (
				1F94E4151E0EFFDD00863E09 /* Sources */,
				1F94E4161E0EFFDD00863E09 /* Frameworks */,
				1F94E4171E0EFFDD00863E09 /* CopyFiles */,
			);
			buildRules = (
			);
			dependencies = (
			);
			name = MOD_CW;
			productName = MOD_CW;
			productReference = 1F94E4191E0EFFDD00863E09 /* MOD_CW */;
			productType = "com.apple.product-type.tool";
		};
/* End PBXNativeTarget section */

/* Begin PBXProject section */
		1F94E4111E0EFFDD00863E09 /* Project object */ = {
			isa = PBXProject;
			attributes = {
				LastUpgradeCheck = 0820;
				ORGANIZATIONNAME = sandyre;
				TargetAttributes = {
					1F94E4181E0EFFDD00863E09 = {
						CreatedOnToolsVersion = 8.2.1;
						ProvisioningStyle = Automatic;
					};
				};
			};
			buildConfigurationList = 1F94E4141E0EFFDD00863E09 /* Build configuration list for PBXProject "MOD_CW" */;
			compatibilityVersion = "Xcode 3.2";
			developmentRegion = English;
			hasScannedForEncodings = 0;
			knownRegions = (
				en,
			);
			mainGroup = 1F94E4101E0EFFDD00863E09;
			productRefGroup = 1F94E41A1E0EFFDD00863E09 /* Products */;
			projectDirPath = "";
			projectRoot = "";
			targets = (
				1F94E4181E0EFFDD00863E09 /* MOD_CW */,
			);
		};
/* End PBXProject section */

/* Begin PBXSourcesBuildPhase section */
		1F94E4151E0EFFDD00863E09 /* Sources */ = {
			isa = PBXSourcesBuildPhase;
			buildActionMask = 2147483647;
			files = (
				1F94E4281E0F002600863E09 /* model_system.cpp in Sources */,
				1F94E41D1E0EFFDD00863E09 /* main.cpp in Sources */,
			);
			runOnlyForDeploymentPostprocessing = 0;
		};
/* End PBXSourcesBuildPhase section */

/* Begin XCBuildConfiguration section */
		1F94E41E1E0EFFDD00863E09 /* Debug */ = {
			isa = XCBuildConfiguration;
			buildSettings = {
				ALWAYS_SEARCH_USER_PATHS = NO;
				CLANG_ANALYZER_NONNULL = YES;
				CLANG_CXX_LANGUAGE_STANDARD = "c++14";
				CLANG_CXX_LIBRARY = "libc++";
				CLANG_ENABLE_MODULES = YES;
				CLANG_ENABLE_OBJC_ARC = YES;
				CLANG_WARN_BOOL_CONVERSION = YES;
				CLANG_WARN_CONSTANT_CONVERSION = YES;
				CLANG_WARN_DIRECT_OBJC_ISA_USAGE = YES_ERROR;
				CLANG_WARN_DOCUMENTATION_COMMENTS = YES;
				CLANG_WARN_EMPTY_BODY = YES;
				CLANG_WARN_ENUM_CONVERSION = YES;
				CLANG_WARN_INFINITE_RECURSION = YES;
				CLANG_WARN_INT_CONVERSION = YES;
				CLANG_WARN_OBJC_ROOT_CLASS = YES_ERROR;
				CLANG_WARN_SUSPICIOUS_MOVE = YES;
				CLANG_WARN_UNREACHABLE_CODE = YES;
				CLANG_WARN__DUPLICATE_METHOD_MATCH = YES;
				CODE_SIGN_IDENTITY = "-";
				COPY_PHASE_STRIP = NO;
				DEBUG_INFORMATION_FORMAT = dwarf;
				ENABLE_STRICT_OBJC_MSGSEND = YES;
				ENABLE_TESTABILITY = YES;
				GCC_C_LANGUAGE_STANDARD = gnu99;
				GCC_DYNAMIC_NO_PIC = NO;
				GCC_NO_COMMON_BLOCKS = YES;
				GCC_OPTIMIZATION_LEVEL = 0;
				GCC_PREPROCESSOR_DEFINITIONS = (
					"DEBUG=1",
					"$(inherited)",
				);
				GCC_WARN_64_TO_32_BIT_CONVERSION = YES;
				GCC_WARN_ABOUT_RETURN_TYPE = YES_ERROR;
				GCC_WARN_UNDECLARED_SELECTOR = YES;
				GCC_WARN_UNINITIALIZED_AUTOS = YES_AGGRESSIVE;
				GCC_WARN_UNUSED_FUNCTION = YES;
				GCC_WARN_UNUSED_VARIABLE = YES;
				MACOSX_DEPLOYMENT_TARGET = 10.12;
				MTL_ENABLE_DEBUG_INFO = YES;
				ONLY_ACTIVE_ARCH = YES;
				SDKROOT = macosx;
			};
			name = Debug;
		};
		1F94E41F1E0EFFDD00863E09 /* Release */ = {
			isa = XCBuildConfiguration;
			buildSettings = {
				ALWAYS_SEARCH_USER_PATHS = NO;
				CLANG_ANALYZER_NONNULL = YES;
				CLANG_CXX_LANGUAGE_STANDARD = "c++14";
				CLANG_CXX_LIBRARY = "libc++";
				CLANG_ENABLE_MODULES = YES;
				CLANG_ENABLE_OBJC_ARC = YES;
				CLANG_WARN_BOOL_CONVERSION = YES;
				CLANG_WARN_CONSTANT_CONVERSION = YES;
				CLANG_WARN_DIRECT_OBJC_ISA_USAGE = YES_ERROR;
				CLANG_WARN_DOCUMENTATION_COMMENTS = YES;
				CLANG_WARN_EMPTY_BODY = YES;
				CLANG_WARN_ENUM_CONVERSION = YES;
				CLANG_WARN_INFINITE_RECURSION = YES;
				CLANG_WARN_INT_CONVERSION = YES;
				CLANG_WARN_OBJC_ROOT_CLASS = YES_ERROR;
				CLANG_WARN_SUSPICIOUS_MOVE = YES;
				CLANG_WARN_UNREACHABLE_CODE = YES;
				CLANG_WARN__DUPLICATE_METHOD_MATCH = YES;
				CODE_SIGN_IDENTITY = "-";
				COPY_PHASE_STRIP = NO;
				DEBUG_INFORMATION_FORMAT = "dwarf-with-dsym";
				ENABLE_NS_ASSERTIONS = NO;
				ENABLE_STRICT_OBJC_MSGSEND = YES;
				GCC_C_LANGUAGE_STANDARD = gnu99;
				GCC_NO_COMMON_BLOCKS = YES;
				GCC_WARN_64_TO_32_BIT_CONVERSION = YES;
				GCC_WARN_ABOUT_RETURN_TYPE = YES_ERROR;
				GCC_WARN_UNDECLARED_SELECTOR = YES;
				GCC_WARN_UNINITIALIZED_AUTOS = YES_AGGRESSIVE;
				GCC_WARN_UNUSED_FUNCTION = YES;
				GCC_WARN_UNUSED_VARIABLE = YES;
				MACOSX_DEPLOYMENT_TARGET = 10.12;
				MTL_ENABLE_DEBUG_INFO = NO;
				SDKROOT = macosx;
			};
			name = Release;
		};
		1F94E4211E0EFFDD00863E09 /* Debug */ = {
			isa = XCBuildConfiguration;
			buildSettings = {
				PRODUCT_NAME = "$(TARGET_NAME)";
			};
			name = Debug;
		};
		1F94E4221E0EFFDD00863E09 /* Release */ = {
			isa = XCBuildConfiguration;
			buildSettings = {
				PRODUCT_NAME = "$(TARGET_NAME)";
			};
			name = Release;
		};
/* End XCBuildConfiguration section */

/* Begin XCConfigurationList section */
		1F94E4141E0EFFDD00863E09 /* Build configuration list for PBXProject "MOD_CW" */ = {
			isa = XCConfigurationList;
			buildConfigurations = (
				1F94E41E1E0EFFDD00863E09 /* Debug */,
				1F94E41F1E0EFFDD00863E09 /* Release */,
			);
			defaultConfigurationIsVisible = 0;
			defaultConfigurationName = Release;
		};
		1F94E4201E0EFFDD00863E09 /* Build configuration list for PBXNativeTarget "MOD_CW" */ = {
			isa = XCConfigurationList;
			buildConfigurations = (
				1F94E4211E0EFFDD00863E09 /* Debug */,
				1F94E4221E0EFFDD00863E09 /* Release */,
			);
			defaultConfigurationIsVisible = 0;
			defaultConfigurationName = Release;
		};
/* End XCConfigurationList section */
	};
	rootObject = 1F94E4111E0EFFDD00863E09 /* Project object */;
}
